# THIS IS AN AUTOGENERATED FILE. DO NOT EDIT THIS FILE DIRECTLY.
# yarn lockfile v1


"@fullcalendar/core@^6.1.11":
  version "6.1.11"
  resolved "https://registry.yarnpkg.com/@fullcalendar/core/-/core-6.1.11.tgz#f9630e83ae977e774992507635b1e7af4c339d37"
  integrity sha512-TjG7c8sUz+Vkui2FyCNJ+xqyu0nq653Ibe99A66LoW95oBo6tVhhKIaG1Wh0GVKymYiqAQN/OEdYTuj4ay27kA==
  dependencies:
    preact "~10.12.1"

"@fullcalendar/core@~6.1.11":
  version "6.1.11"
  resolved "https://registry.npmjs.org/@fullcalendar/core/-/core-6.1.11.tgz"
  integrity sha512-TjG7c8sUz+Vkui2FyCNJ+xqyu0nq653Ibe99A66LoW95oBo6tVhhKIaG1Wh0GVKymYiqAQN/OEdYTuj4ay27kA==
  dependencies:
    preact "~10.12.1"

"@fullcalendar/daygrid@^6.1.11":
  version "6.1.11"
  resolved "https://registry.yarnpkg.com/@fullcalendar/daygrid/-/daygrid-6.1.11.tgz#83a5d4a94c314cf3a14b06bebba03b1b40e6d2ba"
  integrity sha512-hF5jJB7cgUIxWD5MVjj8IU407HISyLu7BWXcEIuTytkfr8oolOXeCazqnnjmRbnFOncoJQVstTtq6SIhaT32Xg==

"@fullcalendar/daygrid@~6.1.11":
  version "6.1.11"
  resolved "https://registry.npmjs.org/@fullcalendar/daygrid/-/daygrid-6.1.11.tgz"
  integrity sha512-hF5jJB7cgUIxWD5MVjj8IU407HISyLu7BWXcEIuTytkfr8oolOXeCazqnnjmRbnFOncoJQVstTtq6SIhaT32Xg==

"@fullcalendar/interaction@~6.1.11":
  version "6.1.11"
  resolved "https://registry.npmjs.org/@fullcalendar/interaction/-/interaction-6.1.11.tgz"
  integrity sha512-ynOKjzuPwEAMgTQ6R/Z2zvzIIqG4p8/Qmnhi1q0vzPZZxSIYx3rlZuvpEK2WGBZZ1XEafDOP/LGfbWoNZe+qdg==

"@fullcalendar/list@~6.1.11":
  version "6.1.11"
  resolved "https://registry.npmjs.org/@fullcalendar/list/-/list-6.1.11.tgz"
  integrity sha512-9Qx8uvik9pXD12u50FiHwNzlHv4wkhfsr+r03ycahW7vEeIAKCsIZGTkUfFP+96I5wHihrfLazu1cFQG4MPiuw==

"@fullcalendar/multimonth@~6.1.11":
  version "6.1.11"
  resolved "https://registry.npmjs.org/@fullcalendar/multimonth/-/multimonth-6.1.11.tgz"
  integrity sha512-7DbPC+AAlaKnquGVdw1Z85Q3nSZ4GZ1NcVIk4k7bLnqDlntwHPPsrDlSIzUWKcN0q5/u7jQHm4PU1m3LAl70Sg==
  dependencies:
    "@fullcalendar/daygrid" "~6.1.11"

"@fullcalendar/timegrid@~6.1.11":
  version "6.1.11"
  resolved "https://registry.npmjs.org/@fullcalendar/timegrid/-/timegrid-6.1.11.tgz"
  integrity sha512-0seUHK/ferH89IeuCvV4Bib0zWjgK0nsptNdmAc9wDBxD/d9hm5Mdti0URJX6bDoRtsSfRDu5XsRcrzwoc+AUQ==
  dependencies:
    "@fullcalendar/daygrid" "~6.1.11"

"@kurkle/color@^0.3.0":
  version "0.3.2"
  resolved "https://registry.npmjs.org/@kurkle/color/-/color-0.3.2.tgz"
  integrity sha512-fuscdXJ9G1qb7W8VdHi+IwRqij3lBkosAm4ydQtEmbY58OzHXqQhvlxqEkoz0yssNVn38bcpRWgA9PP+OGoisw==

"@types/chart.js@^2.9.41":
  version "2.9.41"
  resolved "https://registry.npmjs.org/@types/chart.js/-/chart.js-2.9.41.tgz"
  integrity sha512-3dvkDvueckY83UyUXtJMalYoH6faOLkWQoaTlJgB4Djde3oORmNP0Jw85HtzTuXyliUHcdp704s0mZFQKio/KQ==
  dependencies:
    moment "^2.10.2"

"@types/fullcalendar@^3.8.0":
  version "3.8.0"
  resolved "https://registry.npmjs.org/@types/fullcalendar/-/fullcalendar-3.8.0.tgz"
  integrity sha512-uxYNAnvH7s3asQjkH8p0K1V4ENMLQDGNmFHWA7/iRZwU13A7RCOvnNoRapEIIRx8hI/+wHWkd4Q9KmpVCQfIEg==
  dependencies:
    fullcalendar "*"

"@types/jquery@^3.5.29":
  version "3.5.29"
  resolved "https://registry.npmjs.org/@types/jquery/-/jquery-3.5.29.tgz"
  integrity sha512-oXQQC9X9MOPRrMhPHHOsXqeQDnWeCDT3PelUIg/Oy8FAbzSZtFHRjc7IpbfFVmpLtJ+UOoywpRsuO5Jxjybyeg==
  dependencies:
    "@types/sizzle" "*"

"@types/node@^20.11.30":
  version "20.11.30"
  resolved "https://registry.npmjs.org/@types/node/-/node-20.11.30.tgz"
  integrity sha512-dHM6ZxwlmuZaRmUPfv1p+KrdD1Dci04FbdEm/9wEMouFqxYoFl5aMkt0VMAUtYRQDyYvD41WJLukhq/ha3YuTw==
  dependencies:
    undici-types "~5.26.4"

"@types/sizzle@*":
  version "2.3.8"
  resolved "https://registry.npmjs.org/@types/sizzle/-/sizzle-2.3.8.tgz"
  integrity sha512-0vWLNK2D5MT9dg0iOo8GlKguPAU02QjmZitPEsXRuJXU/OGIOt9vT9Fc26wtYuavLxtO45v9PGleoL9Z0k1LHg==

bootstrap@^5.3.3:
  version "5.3.3"
  resolved "https://registry.npmjs.org/bootstrap/-/bootstrap-5.3.3.tgz"
  integrity sha512-8HLCdWgyoMguSO9o+aH+iuZ+aht+mzW0u3HIMzVu7Srrpv7EBBxTnrFlSCskwdY1+EOFQSm7uMJhNQHkdPcmjg==

chart.js@^4.4.2:
  version "4.4.2"
  resolved "https://registry.npmjs.org/chart.js/-/chart.js-4.4.2.tgz"
  integrity sha512-6GD7iKwFpP5kbSD4MeRRRlTnQvxfQREy36uEtm1hzHzcOqwWx0YEHuspuoNlslu+nciLIB7fjjsHkUv/FzFcOg==
  dependencies:
    "@kurkle/color" "^0.3.0"

fullcalendar@*:
  version "6.1.11"
  resolved "https://registry.npmjs.org/fullcalendar/-/fullcalendar-6.1.11.tgz"
  integrity sha512-OOlx/+yFn9k5LnucRzcDmShONBecOVKNN6HHWe8jl7hGzQBmkxO+iD6eBokO6p24EY1PjATqhZkhJqHiCUgx3A==
  dependencies:
    "@fullcalendar/core" "~6.1.11"
    "@fullcalendar/daygrid" "~6.1.11"
    "@fullcalendar/interaction" "~6.1.11"
    "@fullcalendar/list" "~6.1.11"
    "@fullcalendar/multimonth" "~6.1.11"
    "@fullcalendar/timegrid" "~6.1.11"

moment@^2.10.2:
  version "2.30.1"
  resolved "https://registry.npmjs.org/moment/-/moment-2.30.1.tgz"
  integrity sha512-uEmtNhbDOrWPFS+hdjFCBfy9f2YoyzRpwcl+DqpC6taX21FzsTLQVbMV/W7PzNSX6x/bhC1zA3c2UQ5NzH6how==

preact@~10.12.1:
  version "10.12.1"
  resolved "https://registry.npmjs.org/preact/-/preact-10.12.1.tgz"
  integrity sha512-l8386ixSsBdbreOAkqtrwqHwdvR35ID8c3rKPa8lCWuO86dBi32QWHV4vfsZK1utLLFMvw+Z5Ad4XLkZzchscg==

undici-types@~5.26.4:
  version "5.26.5"
  resolved "https://registry.npmjs.org/undici-types/-/undici-types-5.26.5.tgz"
  integrity sha512-JlCMO+ehdEIKqlFxk6IfVoAUVmgz7cU7zD/h9XZ0qzeosSHmUJVOzSQvvYSYWXkFXC+IfLKSIffhv0sVZup6pA==
